
Microsoft Visual Studio Solution File, Format Version 12.00
# Visual Studio Version 16
VisualStudioVersion = 16.0.28803.156
MinimumVisualStudioVersion = 10.0.40219.1
Project("{FAE04EC0-301F-11D3-BF4B-00C04F79EFBC}") = "BACnetServerExample", "BACnetServerExample.csproj", "{F4321B8E-C000-4712-BC0A-D9F45DB15833}"
EndProject
Global
	GlobalSection(SolutionConfigurationPlatforms) = preSolution
		Debug|Any CPU = Debug|Any CPU
		Release|Any CPU = Release|Any CPU
	EndGlobalSection
	GlobalSection(ProjectConfigurationPlatforms) = postSolution
		{F4321B8E-C000-4712-BC0A-D9F45DB15833}.Debug|Any CPU.ActiveCfg = Debug|Any CPU
		{F4321B8E-C000-4712-BC0A-D9F45DB15833}.Debug|Any CPU.Build.0 = Debug|Any CPU
		{F4321B8E-C000-4712-BC0A-D9F45DB15833}.Release|Any CPU.ActiveCfg = Release|Any CPU
		{F4321B8E-C000-4712-BC0A-D9F45DB15833}.Release|Any CPU.Build.0 = Release|Any CPU
	EndGlobalSection
	GlobalSection(SolutionProperties) = preSolution
		HideSolutionNode = FALSE
	EndGlobalSection
	GlobalSection(ExtensibilityGlobals) = postSolution
		SolutionGuid = {4361D54E-C995-4D00-B7B5-0C667E53CB1C}
	EndGlobalSection
EndGlobal
